
Microsoft Visual Studio Solution File, Format Version 12.00
# Visual Studio 15
VisualStudioVersion = 15.0.26430.12
MinimumVisualStudioVersion = 10.0.40219.1
Project("{FAE04EC0-301F-11D3-BF4B-00C04F79EFBC}") = "NKE.Client", "NKE.Client\NKE.Client.csproj", "{996E4CC3-0604-4486-9608-A5CB4DD6BD6A}"
EndProject
Project("{FAE04EC0-301F-11D3-BF4B-00C04F79EFBC}") = "NKE.WebAPI", "NKE.WebAPI\NKE.WebAPI.csproj", "{9FB48E23-386A-4162-8489-15134B58C794}"
EndProject
Project("{FAE04EC0-301F-11D3-BF4B-00C04F79EFBC}") = "NKE.DTO", "NKE.DTO\NKE.DTO.csproj", "{E3D29C9A-FEFA-40B7-9148-0E1B055DBF73}"
EndProject
Project("{00D1A9C2-B5F0-4AF3-8072-F6C62B433612}") = "NKE.DB", "NKE.DB\NKE.DB.sqlproj", "{FAE06FE2-3C70-4D24-862A-20D574A1BD81}"
EndProject
Project("{FAE04EC0-301F-11D3-BF4B-00C04F79EFBC}") = "NKE.Business", "NKE.Business\NKE.Business.csproj", "{22910010-D36E-4621-B5AE-BDD31E7A4CD0}"
EndProject
Global
	GlobalSection(SolutionConfigurationPlatforms) = preSolution
		Debug|Any CPU = Debug|Any CPU
		Release|Any CPU = Release|Any CPU
	EndGlobalSection
	GlobalSection(ProjectConfigurationPlatforms) = postSolution
		{996E4CC3-0604-4486-9608-A5CB4DD6BD6A}.Debug|Any CPU.ActiveCfg = Debug|Any CPU
		{996E4CC3-0604-4486-9608-A5CB4DD6BD6A}.Debug|Any CPU.Build.0 = Debug|Any CPU
		{996E4CC3-0604-4486-9608-A5CB4DD6BD6A}.Release|Any CPU.ActiveCfg = Release|Any CPU
		{996E4CC3-0604-4486-9608-A5CB4DD6BD6A}.Release|Any CPU.Build.0 = Release|Any CPU
		{9FB48E23-386A-4162-8489-15134B58C794}.Debug|Any CPU.ActiveCfg = Debug|Any CPU
		{9FB48E23-386A-4162-8489-15134B58C794}.Debug|Any CPU.Build.0 = Debug|Any CPU
		{9FB48E23-386A-4162-8489-15134B58C794}.Release|Any CPU.ActiveCfg = Release|Any CPU
		{9FB48E23-386A-4162-8489-15134B58C794}.Release|Any CPU.Build.0 = Release|Any CPU
		{E3D29C9A-FEFA-40B7-9148-0E1B055DBF73}.Debug|Any CPU.ActiveCfg = Debug|Any CPU
		{E3D29C9A-FEFA-40B7-9148-0E1B055DBF73}.Debug|Any CPU.Build.0 = Debug|Any CPU
		{E3D29C9A-FEFA-40B7-9148-0E1B055DBF73}.Release|Any CPU.ActiveCfg = Release|Any CPU
		{E3D29C9A-FEFA-40B7-9148-0E1B055DBF73}.Release|Any CPU.Build.0 = Release|Any CPU
		{FAE06FE2-3C70-4D24-862A-20D574A1BD81}.Debug|Any CPU.ActiveCfg = Debug|Any CPU
		{FAE06FE2-3C70-4D24-862A-20D574A1BD81}.Debug|Any CPU.Build.0 = Debug|Any CPU
		{FAE06FE2-3C70-4D24-862A-20D574A1BD81}.Debug|Any CPU.Deploy.0 = Debug|Any CPU
		{FAE06FE2-3C70-4D24-862A-20D574A1BD81}.Release|Any CPU.ActiveCfg = Release|Any CPU
		{FAE06FE2-3C70-4D24-862A-20D574A1BD81}.Release|Any CPU.Build.0 = Release|Any CPU
		{FAE06FE2-3C70-4D24-862A-20D574A1BD81}.Release|Any CPU.Deploy.0 = Release|Any CPU
		{22910010-D36E-4621-B5AE-BDD31E7A4CD0}.Debug|Any CPU.ActiveCfg = Debug|Any CPU
		{22910010-D36E-4621-B5AE-BDD31E7A4CD0}.Debug|Any CPU.Build.0 = Debug|Any CPU
		{22910010-D36E-4621-B5AE-BDD31E7A4CD0}.Release|Any CPU.ActiveCfg = Release|Any CPU
		{22910010-D36E-4621-B5AE-BDD31E7A4CD0}.Release|Any CPU.Build.0 = Release|Any CPU
	EndGlobalSection
	GlobalSection(SolutionProperties) = preSolution
		HideSolutionNode = FALSE
	EndGlobalSection
EndGlobal
